{
  "name": "@vantus/hyperdrive-auditor",
  "version": "8.0.1",
  "lockfileVersion": 3,
  "requires": true,
  "packages": {
    "": {
      "name": "@vantus/hyperdrive-auditor",
      "version": "8.0.1",
      "license": "UNLICENSED",
      "bin": {
        "hyperdrive-auditor": "bin/hyperdrive-auditor.mjs"
      },
      "engines": {
        "node": ">=20.11.0"
      },
      "peerDependencies": {
        "typescript": ">=5.4.0"
      },
      "peerDependenciesMeta": {
        "typescript": {
          "optional": true
        }
      }
    }
  }
}
